
Microsoft Visual Studio Solution File, Format Version 12.00
# Visual Studio 15
VisualStudioVersion = 15.0.28307.438
MinimumVisualStudioVersion = 10.0.40219.1
Project("{FAE04EC0-301F-11D3-BF4B-00C04F79EFBC}") = "Display Toplogy", "Display Toplogy\Display Toplogy.csproj", "{79B040EC-D34A-4FC6-9B57-FCF7B428D0D1}"
EndProject
Global
	GlobalSection(SolutionConfigurationPlatforms) = preSolution
		Debug|Any CPU = Debug|Any CPU
		Release|Any CPU = Release|Any CPU
	EndGlobalSection
	GlobalSection(ProjectConfigurationPlatforms) = postSolution
		{79B040EC-D34A-4FC6-9B57-FCF7B428D0D1}.Debug|Any CPU.ActiveCfg = Debug|Any CPU
		{79B040EC-D34A-4FC6-9B57-FCF7B428D0D1}.Debug|Any CPU.Build.0 = Debug|Any CPU
		{79B040EC-D34A-4FC6-9B57-FCF7B428D0D1}.Release|Any CPU.ActiveCfg = Release|Any CPU
		{79B040EC-D34A-4FC6-9B57-FCF7B428D0D1}.Release|Any CPU.Build.0 = Release|Any CPU
	EndGlobalSection
	GlobalSection(SolutionProperties) = preSolution
		HideSolutionNode = FALSE
	EndGlobalSection
	GlobalSection(ExtensibilityGlobals) = postSolution
		SolutionGuid = {58B79DED-000E-4CEF-9914-C6A17B54DCB9}
	EndGlobalSection
EndGlobal
